{
  "name": "SimsTracker",
  "version": "1.0.0",
  "lockfileVersion": 1,
  "requires": true,
  "dependencies": {
    "bootstrap-confirmation2": {
      "version": "4.0.3",
      "resolved": "https://registry.npmjs.org/bootstrap-confirmation2/-/bootstrap-confirmation2-4.0.3.tgz",
      "integrity": "sha512-XqRcFPe6l19zZ0f37O4bj7wHaeiDPCLMzT3a9tXtsrMrmkLDLP6HTPIAxE8WwTp78r5qJ2aMFfwVVcLxl2YhzQ=="
    },
    "flow-bin": {
      "version": "0.85.0",
      "resolved": "https://registry.npmjs.org/flow-bin/-/flow-bin-0.85.0.tgz",
      "integrity": "sha512-ougBA2q6Rn9sZrjZQ9r5pTFxCotlGouySpD2yRIuq5AYwwfIT8HHhVMeSwrN5qJayjHINLJyrnsSkkPCZyfMrQ==",
      "dev": true
    },
    "yuicompressor": {
      "version": "2.4.8",
      "resolved": "https://registry.npmjs.org/yuicompressor/-/yuicompressor-2.4.8.tgz",
      "integrity": "sha1-mNJnUfFm49uRmy/j6nz2Qt6ZjYs="
    }
  }
}
