{
  "name": "SimsTracker",
  "version": "1.0.0",
  "lockfileVersion": 1,
  "requires": true,
  "dependencies": {
    "@fortawesome/fontawesome-free": {
      "version": "5.14.0",
      "resolved": "https://registry.npmjs.org/@fortawesome/fontawesome-free/-/fontawesome-free-5.14.0.tgz",
      "integrity": "sha512-OfdMsF+ZQgdKHP9jUbmDcRrP0eX90XXrsXIdyjLbkmSBzmMXPABB8eobUJtivaupucYaByz6WNe1PI1JuYm3qA=="
    },
    "bootstrap": {
      "version": "4.5.2",
      "resolved": "https://registry.npmjs.org/bootstrap/-/bootstrap-4.5.2.tgz",
      "integrity": "sha512-vlGn0bcySYl/iV+BGA544JkkZP5LB3jsmkeKLFQakCOwCM3AOk7VkldBz4jrzSe+Z0Ezn99NVXa1o45cQY4R6A=="
    },
    "flow-bin": {
      "version": "0.85.0",
      "resolved": "https://registry.npmjs.org/flow-bin/-/flow-bin-0.85.0.tgz",
      "integrity": "sha512-ougBA2q6Rn9sZrjZQ9r5pTFxCotlGouySpD2yRIuq5AYwwfIT8HHhVMeSwrN5qJayjHINLJyrnsSkkPCZyfMrQ==",
      "dev": true
    },
    "jquery": {
      "version": "3.5.1",
      "resolved": "https://registry.npmjs.org/jquery/-/jquery-3.5.1.tgz",
      "integrity": "sha512-XwIBPqcMn57FxfT+Go5pzySnm4KWkT1Tv7gjrpT1srtf8Weynl6R273VJ5GjkRb51IzMp5nbaPjJXMWeju2MKg=="
    },
    "shards-ui": {
      "version": "3.0.0",
      "resolved": "https://registry.npmjs.org/shards-ui/-/shards-ui-3.0.0.tgz",
      "integrity": "sha512-NYSzq5PrYLoCTGD8gGvJxZal0bY3L8qGr1nNEawjqGT60SAJYZaQDjiiG3j3rjpsB2pNd1vKQUjdgNT7UnO6Kg==",
      "requires": {
        "bootstrap": "4.3.1"
      },
      "dependencies": {
        "bootstrap": {
          "version": "4.3.1",
          "resolved": "https://registry.npmjs.org/bootstrap/-/bootstrap-4.3.1.tgz",
          "integrity": "sha512-rXqOmH1VilAt2DyPzluTi2blhk17bO7ef+zLLPlWvG494pDxcM234pJ8wTc/6R40UWizAIIMgxjvxZg5kmsbag=="
        }
      }
    },
    "yuicompressor": {
      "version": "2.4.8",
      "resolved": "https://registry.npmjs.org/yuicompressor/-/yuicompressor-2.4.8.tgz",
      "integrity": "sha1-mNJnUfFm49uRmy/j6nz2Qt6ZjYs="
    }
  }
}
